# This file is automatically @generated by Cargo.
# It is not intended for manual editing.
version = 4

[[package]]
name = "attrio"
version = "0.1.0"
dependencies = [
 "macro_rules_attr",
]

[[package]]
name = "declerror"
version = "0.1.1"
dependencies = [
 "macro_rules_attr",
]

[[package]]
name = "log"
version = "0.4.32"
source = "registry+https://github.com/rust-lang/crates.io-index"
checksum = "953f07c43838f8e6f9758cab68bf5bed85465e7587ebe0b823f1bcd81978ad3a"

[[package]]
name = "macro_rules_attr"
version = "0.2.0"
dependencies = [
 "log",
 "paste",
 "should_match",
]

[[package]]
name = "optfield-lite"
version = "0.1.0"
dependencies = [
 "macro_rules_attr",
]

[[package]]
name = "option-chain"
version = "0.1.2"

[[package]]
name = "paste"
version = "1.0.15"
source = "registry+https://github.com/rust-lang/crates.io-index"
checksum = "57c0d7b74b563b49d38dae00a0c37d4d6de9b432382b2892f0574ddcae73fd0a"

[[package]]
name = "should_match"
version = "0.1.1"
dependencies = [
 "macro_rules_attr",
]
